
Microsoft Visual Studio Solution File, Format Version 12.00
# Visual Studio Version 17
VisualStudioVersion = 17.8.34316.72
MinimumVisualStudioVersion = 10.0.40219.1
Project("{8BC9CEB8-8B4A-11D0-8D11-00A0C91BC942}") = "Matrix_multiple", "Matrix_multiple.vcxproj", "{BB2FDE6E-E29E-4700-A286-1E6B670DD94F}"
EndProject
Global
	GlobalSection(SolutionConfigurationPlatforms) = preSolution
		Debug|x64 = Debug|x64
		Debug|x86 = Debug|x86
		Release|x64 = Release|x64
		Release|x86 = Release|x86
	EndGlobalSection
	GlobalSection(ProjectConfigurationPlatforms) = postSolution
		{BB2FDE6E-E29E-4700-A286-1E6B670DD94F}.Debug|x64.ActiveCfg = Debug|x64
		{BB2FDE6E-E29E-4700-A286-1E6B670DD94F}.Debug|x64.Build.0 = Debug|x64
		{BB2FDE6E-E29E-4700-A286-1E6B670DD94F}.Debug|x86.ActiveCfg = Debug|Win32
		{BB2FDE6E-E29E-4700-A286-1E6B670DD94F}.Debug|x86.Build.0 = Debug|Win32
		{BB2FDE6E-E29E-4700-A286-1E6B670DD94F}.Release|x64.ActiveCfg = Release|x64
		{BB2FDE6E-E29E-4700-A286-1E6B670DD94F}.Release|x64.Build.0 = Release|x64
		{BB2FDE6E-E29E-4700-A286-1E6B670DD94F}.Release|x86.ActiveCfg = Release|Win32
		{BB2FDE6E-E29E-4700-A286-1E6B670DD94F}.Release|x86.Build.0 = Release|Win32
	EndGlobalSection
	GlobalSection(SolutionProperties) = preSolution
		HideSolutionNode = FALSE
	EndGlobalSection
	GlobalSection(ExtensibilityGlobals) = postSolution
		SolutionGuid = {70E08235-7C71-4E01-BA79-9FF338C13716}
	EndGlobalSection
EndGlobal
